lockfileVersion: '9.0'

settings:
  autoInstallPeers: true
  excludeLinksFromLockfile: false

importers:

  .:
    dependencies:
      '@arizeai/openinference-instrumentation-openai':
        specifier: ^2.0.0
        version: 2.0.0
      '@arizeai/openinference-semantic-conventions':
        specifier: ^1.0.0
        version: 1.0.0
      '@opentelemetry/exporter-trace-otlp-http':
        specifier: ^0.56.0
        version: 0.56.0(@opentelemetry/api@1.9.0)
      '@opentelemetry/exporter-trace-otlp-proto':
        specifier: ^0.56.0
        version: 0.56.0(@opentelemetry/api@1.9.0)
      '@opentelemetry/instrumentation':
        specifier: ^0.56.0
        version: 0.56.0(@opentelemetry/api@1.9.0)
      '@opentelemetry/resources':
        specifier: ^1.29.0
        version: 1.29.0(@opentelemetry/api@1.9.0)
      '@opentelemetry/sdk-trace-base':
        specifier: ^1.29.0
        version: 1.29.0(@opentelemetry/api@1.9.0)
      '@opentelemetry/sdk-trace-node':
        specifier: ^1.29.0
        version: 1.29.0(@opentelemetry/api@1.9.0)
      '@opentelemetry/semantic-conventions':
        specifier: ^1.28.0
        version: 1.28.0
      openai:
        specifier: ^4.76.0
        version: 4.76.1

packages:

  '@arizeai/openinference-core@1.0.0':
    resolution: {integrity: sha512-lzuH626IMZ//ghRB5ClCKWNfZ/f/LUx7X2n+B6YvQX3CNze8RNrciGptgonEjaGvKiccV5fdWQ0yXR1KOpOBEg==}

  '@arizeai/openinference-instrumentation-openai@2.0.0':
    resolution: {integrity: sha512-V56kMBg8q1rcyL8wkcSICn+n3OepqVlwjWCDRAk42YuWZ273IY60+wsQogCcP93LHy1hwbseYuzygo1T2B0pJw==}

  '@arizeai/openinference-semantic-conventions@1.0.0':
    resolution: {integrity: sha512-I14TjDAoDXQFT1boslWSgNU59XgcVL8VS7UwX9EA524fVgOAoxWaowKwTPLvT4y8EYQLtdg+X9t3KvBiO3+AmA==}

  '@opentelemetry/api-logs@0.56.0':
    resolution: {integrity: sha512-Wr39+94UNNG3Ei9nv3pHd4AJ63gq5nSemMRpCd8fPwDL9rN3vK26lzxfH27mw16XzOSO+TpyQwBAMaLxaPWG0g==}
    engines: {node: '>=14'}

  '@opentelemetry/api@1.9.0':
    resolution: {integrity: sha512-3giAOQvZiH5F9bMlMiv8+GSPMeqg0dbaeo58/0SlA9sxSqZhnUtxzX9/2FzyhS9sWQf5S0GJE0AKBrFqjpeYcg==}
    engines: {node: '>=8.0.0'}

  '@opentelemetry/context-async-hooks@1.29.0':
    resolution: {integrity: sha512-TKT91jcFXgHyIDF1lgJF3BHGIakn6x0Xp7Tq3zoS3TMPzT9IlP0xEavWP8C1zGjU9UmZP2VR1tJhW9Az1A3w8Q==}
    engines: {node: '>=14'}
    peerDependencies:
      '@opentelemetry/api': '>=1.0.0 <1.10.0'

  '@opentelemetry/core@1.29.0':
    resolution: {integrity: sha512-gmT7vAreXl0DTHD2rVZcw3+l2g84+5XiHIqdBUxXbExymPCvSsGOpiwMmn8nkiJur28STV31wnhIDrzWDPzjfA==}
    engines: {node: '>=14'}
    peerDependencies:
      '@opentelemetry/api': '>=1.0.0 <1.10.0'

  '@opentelemetry/exporter-trace-otlp-http@0.56.0':
    resolution: {integrity: sha512-vqVuJvcwameA0r0cNrRzrZqPLB0otS+95g0XkZdiKOXUo81wYdY6r4kyrwz4nSChqTBEFm0lqi/H2OWGboOa6g==}
    engines: {node: '>=14'}
    peerDependencies:
      '@opentelemetry/api': ^1.3.0

  '@opentelemetry/exporter-trace-otlp-proto@0.56.0':
    resolution: {integrity: sha512-UYVtz8Kp1QZpZFg83ZrnwRIxF2wavNyi1XaIKuQNFjlYuGCh8JH4+GOuHUU4G8cIzOkWdjNR559vv0Q+MCz+1w==}
    engines: {node: '>=14'}
    peerDependencies:
      '@opentelemetry/api': ^1.3.0

  '@opentelemetry/instrumentation@0.46.0':
    resolution: {integrity: sha512-a9TijXZZbk0vI5TGLZl+0kxyFfrXHhX6Svtz7Pp2/VBlCSKrazuULEyoJQrOknJyFWNMEmbbJgOciHCCpQcisw==}
    engines: {node: '>=14'}
    peerDependencies:
      '@opentelemetry/api': ^1.3.0

  '@opentelemetry/instrumentation@0.56.0':
    resolution: {integrity: sha512-2KkGBKE+FPXU1F0zKww+stnlUxUTlBvLCiWdP63Z9sqXYeNI/ziNzsxAp4LAdUcTQmXjw1IWgvm5CAb/BHy99w==}
    engines: {node: '>=14'}
    peerDependencies:
      '@opentelemetry/api': ^1.3.0

  '@opentelemetry/otlp-exporter-base@0.56.0':
    resolution: {integrity: sha512-eURvv0fcmBE+KE1McUeRo+u0n18ZnUeSc7lDlW/dzlqFYasEbsztTK4v0Qf8C4vEY+aMTjPKUxBG0NX2Te3Pmw==}
    engines: {node: '>=14'}
    peerDependencies:
      '@opentelemetry/api': ^1.3.0

  '@opentelemetry/otlp-transformer@0.56.0':
    resolution: {integrity: sha512-kVkH/W2W7EpgWWpyU5VnnjIdSD7Y7FljQYObAQSKdRcejiwMj2glypZtUdfq1LTJcv4ht0jyTrw1D3CCxssNtQ==}
    engines: {node: '>=14'}
    peerDependencies:
      '@opentelemetry/api': ^1.3.0

  '@opentelemetry/propagator-b3@1.29.0':
    resolution: {integrity: sha512-ktsNDlqhu+/IPGEJRMj81upg2JupUp+SwW3n1ZVZTnrDiYUiMUW41vhaziA7Q6UDhbZvZ58skDpQhe2ZgNIPvg==}
    engines: {node: '>=14'}
    peerDependencies:
      '@opentelemetry/api': '>=1.0.0 <1.10.0'

  '@opentelemetry/propagator-jaeger@1.29.0':
    resolution: {integrity: sha512-EXIEYmFgybnFMijVgqx1mq/diWwSQcd0JWVksytAVQEnAiaDvP45WuncEVQkFIAC0gVxa2+Xr8wL5pF5jCVKbg==}
    engines: {node: '>=14'}
    peerDependencies:
      '@opentelemetry/api': '>=1.0.0 <1.10.0'

  '@opentelemetry/resources@1.29.0':
    resolution: {integrity: sha512-s7mLXuHZE7RQr1wwweGcaRp3Q4UJJ0wazeGlc/N5/XSe6UyXfsh1UQGMADYeg7YwD+cEdMtU1yJAUXdnFzYzyQ==}
    engines: {node: '>=14'}
    peerDependencies:
      '@opentelemetry/api': '>=1.0.0 <1.10.0'

  '@opentelemetry/sdk-logs@0.56.0':
    resolution: {integrity: sha512-OS0WPBJF++R/cSl+terUjQH5PebloidB1Jbbecgg2rnCmQbTST9xsRes23bLfDQVRvmegmHqDh884h0aRdJyLw==}
    engines: {node: '>=14'}
    peerDependencies:
      '@opentelemetry/api': '>=1.4.0 <1.10.0'

  '@opentelemetry/sdk-metrics@1.29.0':
    resolution: {integrity: sha512-MkVtuzDjXZaUJSuJlHn6BSXjcQlMvHcsDV7LjY4P6AJeffMa4+kIGDjzsCf6DkAh6Vqlwag5EWEam3KZOX5Drw==}
    engines: {node: '>=14'}
    peerDependencies:
      '@opentelemetry/api': '>=1.3.0 <1.10.0'

  '@opentelemetry/sdk-trace-base@1.29.0':
    resolution: {integrity: sha512-hEOpAYLKXF3wGJpXOtWsxEtqBgde0SCv+w+jvr3/UusR4ll3QrENEGnSl1WDCyRrpqOQ5NCNOvZch9UFVa7MnQ==}
    engines: {node: '>=14'}
    peerDependencies:
      '@opentelemetry/api': '>=1.0.0 <1.10.0'

  '@opentelemetry/sdk-trace-node@1.29.0':
    resolution: {integrity: sha512-ZpGYt+VnMu6O0SRKzhuIivr7qJm3GpWnTCMuJspu4kt3QWIpIenwixo5Vvjuu3R4h2Onl/8dtqAiPIs92xd5ww==}
    engines: {node: '>=14'}
    peerDependencies:
      '@opentelemetry/api': '>=1.0.0 <1.10.0'

  '@opentelemetry/semantic-conventions@1.28.0':
    resolution: {integrity: sha512-lp4qAiMTD4sNWW4DbKLBkfiMZ4jbAboJIGOQr5DvciMRI494OapieI9qiODpOt0XBr1LjIDy1xAGAnVs5supTA==}
    engines: {node: '>=14'}

  '@protobufjs/aspromise@1.1.2':
    resolution: {integrity: sha512-j+gKExEuLmKwvz3OgROXtrJ2UG2x8Ch2YZUxahh+s1F2HZ+wAceUNLkvy6zKCPVRkU++ZWQrdxsUeQXmcg4uoQ==}

  '@protobufjs/base64@1.1.2':
    resolution: {integrity: sha512-AZkcAA5vnN/v4PDqKyMR5lx7hZttPDgClv83E//FMNhR2TMcLUhfRUBHCmSl0oi9zMgDDqRUJkSxO3wm85+XLg==}

  '@protobufjs/codegen@2.0.4':
    resolution: {integrity: sha512-YyFaikqM5sH0ziFZCN3xDC7zeGaB/d0IUb9CATugHWbd1FRFwWwt4ld4OYMPWu5a3Xe01mGAULCdqhMlPl29Jg==}

  '@protobufjs/eventemitter@1.1.0':
    resolution: {integrity: sha512-j9ednRT81vYJ9OfVuXG6ERSTdEL1xVsNgqpkxMsbIabzSo3goCjDIveeGv5d03om39ML71RdmrGNjG5SReBP/Q==}

  '@protobufjs/fetch@1.1.0':
    resolution: {integrity: sha512-lljVXpqXebpsijW71PZaCYeIcE5on1w5DlQy5WH6GLbFryLUrBD4932W/E2BSpfRJWseIL4v/KPgBFxDOIdKpQ==}

  '@protobufjs/float@1.0.2':
    resolution: {integrity: sha512-Ddb+kVXlXst9d+R9PfTIxh1EdNkgoRe5tOX6t01f1lYWOvJnSPDBlG241QLzcyPdoNTsblLUdujGSE4RzrTZGQ==}

  '@protobufjs/inquire@1.1.0':
    resolution: {integrity: sha512-kdSefcPdruJiFMVSbn801t4vFK7KB/5gd2fYvrxhuJYg8ILrmn9SKSX2tZdV6V+ksulWqS7aXjBcRXl3wHoD9Q==}

  '@protobufjs/path@1.1.2':
    resolution: {integrity: sha512-6JOcJ5Tm08dOHAbdR3GrvP+yUUfkjG5ePsHYczMFLq3ZmMkAD98cDgcT2iA1lJ9NVwFd4tH/iSSoe44YWkltEA==}

  '@protobufjs/pool@1.1.0':
    resolution: {integrity: sha512-0kELaGSIDBKvcgS4zkjz1PeddatrjYcmMWOlAuAPwAeccUrPHdUqo/J6LiymHHEiJT5NrF1UVwxY14f+fy4WQw==}

  '@protobufjs/utf8@1.1.0':
    resolution: {integrity: sha512-Vvn3zZrhQZkkBE8LSuW3em98c0FwgO4nxzv6OdSxPKJIEKY2bGbHn+mhGIPerzI4twdxaP8/0+06HBpwf345Lw==}

  '@types/node-fetch@2.6.12':
    resolution: {integrity: sha512-8nneRWKCg3rMtF69nLQJnOYUcbafYeFSjqkw3jCRLsqkWFlHaoQrr5mXmofFGOx3DKn7UfmBMyov8ySvLRVldA==}

  '@types/node@18.19.68':
    resolution: {integrity: sha512-QGtpFH1vB99ZmTa63K4/FU8twThj4fuVSBkGddTp7uIL/cuoLWIUSL2RcOaigBhfR+hg5pgGkBnkoOxrTVBMKw==}

  '@types/node@22.10.2':
    resolution: {integrity: sha512-Xxr6BBRCAOQixvonOye19wnzyDiUtTeqldOOmj3CkeblonbccA12PFwlufvRdrpjXxqnmUaeiU5EOA+7s5diUQ==}

  '@types/shimmer@1.2.0':
    resolution: {integrity: sha512-UE7oxhQLLd9gub6JKIAhDq06T0F6FnztwMNRvYgjeQSBeMc1ZG/tA47EwfduvkuQS8apbkM/lpLpWsaCeYsXVg==}

  abort-controller@3.0.0:
    resolution: {integrity: sha512-h8lQ8tacZYnR3vNQTgibj+tODHI5/+l06Au2Pcriv/Gmet0eaj4TwWH41sO9wnHDiQsEj19q0drzdWdeAHtweg==}
    engines: {node: '>=6.5'}

  acorn-import-assertions@1.9.0:
    resolution: {integrity: sha512-cmMwop9x+8KFhxvKrKfPYmN6/pKTYYHBqLa0DfvVZcKMJWNyWLnaqND7dx/qn66R7ewM1UX5XMaDVP5wlVTaVA==}
    deprecated: package has been renamed to acorn-import-attributes
    peerDependencies:
      acorn: ^8

  acorn-import-attributes@1.9.5:
    resolution: {integrity: sha512-n02Vykv5uA3eHGM/Z2dQrcD56kL8TyDb2p1+0P83PClMnC/nc+anbQRhIOWnSq4Ke/KvDPrY3C9hDtC/A3eHnQ==}
    peerDependencies:
      acorn: ^8

  acorn@8.14.0:
    resolution: {integrity: sha512-cl669nCJTZBsL97OF4kUQm5g5hC2uihk0NxY3WENAC0TYdILVkAyHymAntgxGkl7K+t0cXIrH5siy5S4XkFycA==}
    engines: {node: '>=0.4.0'}
    hasBin: true

  agentkeepalive@4.5.0:
    resolution: {integrity: sha512-5GG/5IbQQpC9FpkRGsSvZI5QYeSCzlJHdpBQntCsuTOxhKD8lqKhrleg2Yi7yvMIf82Ycmmqln9U8V9qwEiJew==}
    engines: {node: '>= 8.0.0'}

  asynckit@0.4.0:
    resolution: {integrity: sha512-Oei9OH4tRh0YqU3GxhX79dM/mwVgvbZJaSNaRk+bshkj0S5cfHcgYakreBjrHwatXKbz+IoIdYLxrKim2MjW0Q==}

  cjs-module-lexer@1.4.1:
    resolution: {integrity: sha512-cuSVIHi9/9E/+821Qjdvngor+xpnlwnuwIyZOaLmHBVdXL+gP+I6QQB9VkO7RI77YIcTV+S1W9AreJ5eN63JBA==}

  combined-stream@1.0.8:
    resolution: {integrity: sha512-FQN4MRfuJeHf7cBbBMJFXhKSDq+2kAArBlmRBvcvFE5BB1HZKXtSFASDhdlz9zOYwxh8lDdnvmMOe/+5cdoEdg==}
    engines: {node: '>= 0.8'}

  debug@4.4.0:
    resolution: {integrity: sha512-6WTZ/IxCY/T6BALoZHaE4ctp9xm+Z5kY/pzYaCHRFeyVhojxlrm+46y68HA6hr0TcwEssoxNiDEUJQjfPZ/RYA==}
    engines: {node: '>=6.0'}
    peerDependencies:
      supports-color: '*'
    peerDependenciesMeta:
      supports-color:
        optional: true

  delayed-stream@1.0.0:
    resolution: {integrity: sha512-ZySD7Nf91aLB0RxL4KGrKHBXl7Eds1DAmEdcoVawXnLD7SDhpNgtuII2aAkg7a7QS41jxPSZ17p4VdGnMHk3MQ==}
    engines: {node: '>=0.4.0'}

  event-target-shim@5.0.1:
    resolution: {integrity: sha512-i/2XbnSz/uxRCU6+NdVJgKWDTM427+MqYbkQzD321DuCQJUqOuJKIA0IM2+W2xtYHdKOmZ4dR6fExsd4SXL+WQ==}
    engines: {node: '>=6'}

  form-data-encoder@1.7.2:
    resolution: {integrity: sha512-qfqtYan3rxrnCk1VYaA4H+Ms9xdpPqvLZa6xmMgFvhO32x7/3J/ExcTd6qpxM0vH2GdMI+poehyBZvqfMTto8A==}

  form-data@4.0.1:
    resolution: {integrity: sha512-tzN8e4TX8+kkxGPK8D5u0FNmjPUjw3lwC9lSLxxoB/+GtsJG91CO8bSWy73APlgAZzZbXEYZJuxjkHH2w+Ezhw==}
    engines: {node: '>= 6'}

  formdata-node@4.4.1:
    resolution: {integrity: sha512-0iirZp3uVDjVGt9p49aTaqjk84TrglENEDuqfdlZQ1roC9CWlPk6Avf8EEnZNcAqPonwkG35x4n3ww/1THYAeQ==}
    engines: {node: '>= 12.20'}

  function-bind@1.1.2:
    resolution: {integrity: sha512-7XHNxH7qX9xG5mIwxkhumTox/MIRNcOgDrxWsMt2pAr23WHp6MrRlN7FBSFpCpr+oVO0F744iUgR82nJMfG2SA==}

  hasown@2.0.2:
    resolution: {integrity: sha512-0hJU9SCPvmMzIBdZFqNPXWa6dqh7WdH0cII9y+CyS8rG3nL48Bclra9HmKhVVUHyPWNH5Y7xDwAB7bfgSjkUMQ==}
    engines: {node: '>= 0.4'}

  humanize-ms@1.2.1:
    resolution: {integrity: sha512-Fl70vYtsAFb/C06PTS9dZBo7ihau+Tu/DNCk/OyHhea07S+aeMWpFFkUaXRa8fI+ScZbEI8dfSxwY7gxZ9SAVQ==}

  import-in-the-middle@1.11.3:
    resolution: {integrity: sha512-tNpKEb4AjZrCyrxi+Eyu43h5ig0O8ZRFSXPHh/00/o+4P4pKzVEW/m5lsVtsAT7fCIgmQOAPjdqecGDsBXRxsw==}

  import-in-the-middle@1.7.1:
    resolution: {integrity: sha512-1LrZPDtW+atAxH42S6288qyDFNQ2YCty+2mxEPRtfazH6Z5QwkaBSTS2ods7hnVJioF6rkRfNoA6A/MstpFXLg==}

  is-core-module@2.15.1:
    resolution: {integrity: sha512-z0vtXSwucUJtANQWldhbtbt7BnL0vxiFjIdDLAatwhDYty2bad6s+rijD6Ri4YuYJubLzIJLUidCh09e1djEVQ==}
    engines: {node: '>= 0.4'}

  long@5.2.3:
    resolution: {integrity: sha512-lcHwpNoggQTObv5apGNCTdJrO69eHOZMi4BNC+rTLER8iHAqGrUVeLh/irVIM7zTw2bOXA8T6uNPeujwOLg/2Q==}

  mime-db@1.52.0:
    resolution: {integrity: sha512-sPU4uV7dYlvtWJxwwxHD0PuihVNiE7TyAbQ5SWxDCB9mUYvOgroQOwYQQOKPJ8CIbE+1ETVlOoK1UC2nU3gYvg==}
    engines: {node: '>= 0.6'}

  mime-types@2.1.35:
    resolution: {integrity: sha512-ZDY+bPm5zTTF+YpCrAU9nK0UgICYPT0QtT1NZWFv4s++TNkcgVaT0g6+4R2uI4MjQjzysHB1zxuWL50hzaeXiw==}
    engines: {node: '>= 0.6'}

  module-details-from-path@1.0.3:
    resolution: {integrity: sha512-ySViT69/76t8VhE1xXHK6Ch4NcDd26gx0MzKXLO+F7NOtnqH68d9zF94nT8ZWSxXh8ELOERsnJO/sWt1xZYw5A==}

  ms@2.1.3:
    resolution: {integrity: sha512-6FlzubTLZG3J2a/NVCAleEhjzq5oxgHyaCU9yYXvcLsvoVaHJq/s5xXI6/XXP6tz7R9xAOtHnSO/tXtF3WRTlA==}

  node-domexception@1.0.0:
    resolution: {integrity: sha512-/jKZoMpw0F8GRwl4/eLROPA3cfcXtLApP0QzLmUT/HuPCZWyB7IY9ZrMeKw2O/nFIqPQB3PVM9aYm0F312AXDQ==}
    engines: {node: '>=10.5.0'}

  node-fetch@2.7.0:
    resolution: {integrity: sha512-c4FRfUm/dbcWZ7U+1Wq0AwCyFL+3nt2bEw05wfxSz+DWpWsitgmSgYmy2dQdWyKC1694ELPqMs/YzUSNozLt8A==}
    engines: {node: 4.x || >=6.0.0}
    peerDependencies:
      encoding: ^0.1.0
    peerDependenciesMeta:
      encoding:
        optional: true

  openai@4.76.1:
    resolution: {integrity: sha512-ci63/WFEMd6QjjEVeH0pV7hnFS6CCqhgJydSti4Aak/8uo2SpgzKjteUDaY+OkwziVj11mi6j+0mRUIiGKUzWw==}
    hasBin: true
    peerDependencies:
      zod: ^3.23.8
    peerDependenciesMeta:
      zod:
        optional: true

  path-parse@1.0.7:
    resolution: {integrity: sha512-LDJzPVEEEPR+y48z93A0Ed0yXb8pAByGWo/k5YYdYgpY2/2EsOsksJrq7lOHxryrVOn1ejG6oAp8ahvOIQD8sw==}

  protobufjs@7.4.0:
    resolution: {integrity: sha512-mRUWCc3KUU4w1jU8sGxICXH/gNS94DvI1gxqDvBzhj1JpcsimQkYiOJfwsPUykUI5ZaspFbSgmBLER8IrQ3tqw==}
    engines: {node: '>=12.0.0'}

  require-in-the-middle@7.4.0:
    resolution: {integrity: sha512-X34iHADNbNDfr6OTStIAHWSAvvKQRYgLO6duASaVf7J2VA3lvmNYboAHOuLC2huav1IwgZJtyEcJCKVzFxOSMQ==}
    engines: {node: '>=8.6.0'}

  resolve@1.22.8:
    resolution: {integrity: sha512-oKWePCxqpd6FlLvGV1VU0x7bkPmmCNolxzjMf4NczoDnQcIWrAF+cPtZn5i6n+RfD2d9i0tzpKnG6Yk168yIyw==}
    hasBin: true

  semver@7.6.3:
    resolution: {integrity: sha512-oVekP1cKtI+CTDvHWYFUcMtsK/00wmAEfyqKfNdARm8u1wNVhSgaX7A8d4UuIlUI5e84iEwOhs7ZPYRmzU9U6A==}
    engines: {node: '>=10'}
    hasBin: true

  shimmer@1.2.1:
    resolution: {integrity: sha512-sQTKC1Re/rM6XyFM6fIAGHRPVGvyXfgzIDvzoq608vM+jeyVD0Tu1E6Np0Kc2zAIFWIj963V2800iF/9LPieQw==}

  supports-preserve-symlinks-flag@1.0.0:
    resolution: {integrity: sha512-ot0WnXS9fgdkgIcePe6RHNk1WA8+muPa6cSjeR3V8K27q9BB1rTE3R1p7Hv0z1ZyAc8s6Vvv8DIyWf681MAt0w==}
    engines: {node: '>= 0.4'}

  tr46@0.0.3:
    resolution: {integrity: sha512-N3WMsuqV66lT30CrXNbEjx4GEwlow3v6rr4mCcv6prnfwhS01rkgyFdjPNBYd9br7LpXV1+Emh01fHnq2Gdgrw==}

  undici-types@5.26.5:
    resolution: {integrity: sha512-JlCMO+ehdEIKqlFxk6IfVoAUVmgz7cU7zD/h9XZ0qzeosSHmUJVOzSQvvYSYWXkFXC+IfLKSIffhv0sVZup6pA==}

  undici-types@6.20.0:
    resolution: {integrity: sha512-Ny6QZ2Nju20vw1SRHe3d9jVu6gJ+4e3+MMpqu7pqE5HT6WsTSlce++GQmK5UXS8mzV8DSYHrQH+Xrf2jVcuKNg==}

  web-streams-polyfill@4.0.0-beta.3:
    resolution: {integrity: sha512-QW95TCTaHmsYfHDybGMwO5IJIM93I/6vTRk+daHTWFPhwh+C8Cg7j7XyKrwrj8Ib6vYXe0ocYNrmzY4xAAN6ug==}
    engines: {node: '>= 14'}

  webidl-conversions@3.0.1:
    resolution: {integrity: sha512-2JAn3z8AR6rjK8Sm8orRC0h/bcl/DqL7tRPdGZ4I1CjdF+EaMLmYxBHyXuKL849eucPFhvBoxMsflfOb8kxaeQ==}

  whatwg-url@5.0.0:
    resolution: {integrity: sha512-saE57nupxk6v3HY35+jzBwYa0rKSy0XR8JSxZPwgLr7ys0IBzhGviA1/TUGJLmSVqs8pb9AnvICXEuOHLprYTw==}

snapshots:

  '@arizeai/openinference-core@1.0.0':
    dependencies:
      '@arizeai/openinference-semantic-conventions': 1.0.0
      '@opentelemetry/api': 1.9.0
      '@opentelemetry/core': 1.29.0(@opentelemetry/api@1.9.0)

  '@arizeai/openinference-instrumentation-openai@2.0.0':
    dependencies:
      '@arizeai/openinference-core': 1.0.0
      '@arizeai/openinference-semantic-conventions': 1.0.0
      '@opentelemetry/api': 1.9.0
      '@opentelemetry/core': 1.29.0(@opentelemetry/api@1.9.0)
      '@opentelemetry/instrumentation': 0.46.0(@opentelemetry/api@1.9.0)
    transitivePeerDependencies:
      - supports-color

  '@arizeai/openinference-semantic-conventions@1.0.0': {}

  '@opentelemetry/api-logs@0.56.0':
    dependencies:
      '@opentelemetry/api': 1.9.0

  '@opentelemetry/api@1.9.0': {}

  '@opentelemetry/context-async-hooks@1.29.0(@opentelemetry/api@1.9.0)':
    dependencies:
      '@opentelemetry/api': 1.9.0

  '@opentelemetry/core@1.29.0(@opentelemetry/api@1.9.0)':
    dependencies:
      '@opentelemetry/api': 1.9.0
      '@opentelemetry/semantic-conventions': 1.28.0

  '@opentelemetry/exporter-trace-otlp-http@0.56.0(@opentelemetry/api@1.9.0)':
    dependencies:
      '@opentelemetry/api': 1.9.0
      '@opentelemetry/core': 1.29.0(@opentelemetry/api@1.9.0)
      '@opentelemetry/otlp-exporter-base': 0.56.0(@opentelemetry/api@1.9.0)
      '@opentelemetry/otlp-transformer': 0.56.0(@opentelemetry/api@1.9.0)
      '@opentelemetry/resources': 1.29.0(@opentelemetry/api@1.9.0)
      '@opentelemetry/sdk-trace-base': 1.29.0(@opentelemetry/api@1.9.0)

  '@opentelemetry/exporter-trace-otlp-proto@0.56.0(@opentelemetry/api@1.9.0)':
    dependencies:
      '@opentelemetry/api': 1.9.0
      '@opentelemetry/core': 1.29.0(@opentelemetry/api@1.9.0)
      '@opentelemetry/otlp-exporter-base': 0.56.0(@opentelemetry/api@1.9.0)
      '@opentelemetry/otlp-transformer': 0.56.0(@opentelemetry/api@1.9.0)
      '@opentelemetry/resources': 1.29.0(@opentelemetry/api@1.9.0)
      '@opentelemetry/sdk-trace-base': 1.29.0(@opentelemetry/api@1.9.0)

  '@opentelemetry/instrumentation@0.46.0(@opentelemetry/api@1.9.0)':
    dependencies:
      '@opentelemetry/api': 1.9.0
      '@types/shimmer': 1.2.0
      import-in-the-middle: 1.7.1
      require-in-the-middle: 7.4.0
      semver: 7.6.3
      shimmer: 1.2.1
    transitivePeerDependencies:
      - supports-color

  '@opentelemetry/instrumentation@0.56.0(@opentelemetry/api@1.9.0)':
    dependencies:
      '@opentelemetry/api': 1.9.0
      '@opentelemetry/api-logs': 0.56.0
      '@types/shimmer': 1.2.0
      import-in-the-middle: 1.11.3
      require-in-the-middle: 7.4.0
      semver: 7.6.3
      shimmer: 1.2.1
    transitivePeerDependencies:
      - supports-color

  '@opentelemetry/otlp-exporter-base@0.56.0(@opentelemetry/api@1.9.0)':
    dependencies:
      '@opentelemetry/api': 1.9.0
      '@opentelemetry/core': 1.29.0(@opentelemetry/api@1.9.0)
      '@opentelemetry/otlp-transformer': 0.56.0(@opentelemetry/api@1.9.0)

  '@opentelemetry/otlp-transformer@0.56.0(@opentelemetry/api@1.9.0)':
    dependencies:
      '@opentelemetry/api': 1.9.0
      '@opentelemetry/api-logs': 0.56.0
      '@opentelemetry/core': 1.29.0(@opentelemetry/api@1.9.0)
      '@opentelemetry/resources': 1.29.0(@opentelemetry/api@1.9.0)
      '@opentelemetry/sdk-logs': 0.56.0(@opentelemetry/api@1.9.0)
      '@opentelemetry/sdk-metrics': 1.29.0(@opentelemetry/api@1.9.0)
      '@opentelemetry/sdk-trace-base': 1.29.0(@opentelemetry/api@1.9.0)
      protobufjs: 7.4.0

  '@opentelemetry/propagator-b3@1.29.0(@opentelemetry/api@1.9.0)':
    dependencies:
      '@opentelemetry/api': 1.9.0
      '@opentelemetry/core': 1.29.0(@opentelemetry/api@1.9.0)

  '@opentelemetry/propagator-jaeger@1.29.0(@opentelemetry/api@1.9.0)':
    dependencies:
      '@opentelemetry/api': 1.9.0
      '@opentelemetry/core': 1.29.0(@opentelemetry/api@1.9.0)

  '@opentelemetry/resources@1.29.0(@opentelemetry/api@1.9.0)':
    dependencies:
      '@opentelemetry/api': 1.9.0
      '@opentelemetry/core': 1.29.0(@opentelemetry/api@1.9.0)
      '@opentelemetry/semantic-conventions': 1.28.0

  '@opentelemetry/sdk-logs@0.56.0(@opentelemetry/api@1.9.0)':
    dependencies:
      '@opentelemetry/api': 1.9.0
      '@opentelemetry/api-logs': 0.56.0
      '@opentelemetry/core': 1.29.0(@opentelemetry/api@1.9.0)
      '@opentelemetry/resources': 1.29.0(@opentelemetry/api@1.9.0)

  '@opentelemetry/sdk-metrics@1.29.0(@opentelemetry/api@1.9.0)':
    dependencies:
      '@opentelemetry/api': 1.9.0
      '@opentelemetry/core': 1.29.0(@opentelemetry/api@1.9.0)
      '@opentelemetry/resources': 1.29.0(@opentelemetry/api@1.9.0)

  '@opentelemetry/sdk-trace-base@1.29.0(@opentelemetry/api@1.9.0)':
    dependencies:
      '@opentelemetry/api': 1.9.0
      '@opentelemetry/core': 1.29.0(@opentelemetry/api@1.9.0)
      '@opentelemetry/resources': 1.29.0(@opentelemetry/api@1.9.0)
      '@opentelemetry/semantic-conventions': 1.28.0

  '@opentelemetry/sdk-trace-node@1.29.0(@opentelemetry/api@1.9.0)':
    dependencies:
      '@opentelemetry/api': 1.9.0
      '@opentelemetry/context-async-hooks': 1.29.0(@opentelemetry/api@1.9.0)
      '@opentelemetry/core': 1.29.0(@opentelemetry/api@1.9.0)
      '@opentelemetry/propagator-b3': 1.29.0(@opentelemetry/api@1.9.0)
      '@opentelemetry/propagator-jaeger': 1.29.0(@opentelemetry/api@1.9.0)
      '@opentelemetry/sdk-trace-base': 1.29.0(@opentelemetry/api@1.9.0)
      semver: 7.6.3

  '@opentelemetry/semantic-conventions@1.28.0': {}

  '@protobufjs/aspromise@1.1.2': {}

  '@protobufjs/base64@1.1.2': {}

  '@protobufjs/codegen@2.0.4': {}

  '@protobufjs/eventemitter@1.1.0': {}

  '@protobufjs/fetch@1.1.0':
    dependencies:
      '@protobufjs/aspromise': 1.1.2
      '@protobufjs/inquire': 1.1.0

  '@protobufjs/float@1.0.2': {}

  '@protobufjs/inquire@1.1.0': {}

  '@protobufjs/path@1.1.2': {}

  '@protobufjs/pool@1.1.0': {}

  '@protobufjs/utf8@1.1.0': {}

  '@types/node-fetch@2.6.12':
    dependencies:
      '@types/node': 18.19.68
      form-data: 4.0.1

  '@types/node@18.19.68':
    dependencies:
      undici-types: 5.26.5

  '@types/node@22.10.2':
    dependencies:
      undici-types: 6.20.0

  '@types/shimmer@1.2.0': {}

  abort-controller@3.0.0:
    dependencies:
      event-target-shim: 5.0.1

  acorn-import-assertions@1.9.0(acorn@8.14.0):
    dependencies:
      acorn: 8.14.0

  acorn-import-attributes@1.9.5(acorn@8.14.0):
    dependencies:
      acorn: 8.14.0

  acorn@8.14.0: {}

  agentkeepalive@4.5.0:
    dependencies:
      humanize-ms: 1.2.1

  asynckit@0.4.0: {}

  cjs-module-lexer@1.4.1: {}

  combined-stream@1.0.8:
    dependencies:
      delayed-stream: 1.0.0

  debug@4.4.0:
    dependencies:
      ms: 2.1.3

  delayed-stream@1.0.0: {}

  event-target-shim@5.0.1: {}

  form-data-encoder@1.7.2: {}

  form-data@4.0.1:
    dependencies:
      asynckit: 0.4.0
      combined-stream: 1.0.8
      mime-types: 2.1.35

  formdata-node@4.4.1:
    dependencies:
      node-domexception: 1.0.0
      web-streams-polyfill: 4.0.0-beta.3

  function-bind@1.1.2: {}

  hasown@2.0.2:
    dependencies:
      function-bind: 1.1.2

  humanize-ms@1.2.1:
    dependencies:
      ms: 2.1.3

  import-in-the-middle@1.11.3:
    dependencies:
      acorn: 8.14.0
      acorn-import-attributes: 1.9.5(acorn@8.14.0)
      cjs-module-lexer: 1.4.1
      module-details-from-path: 1.0.3

  import-in-the-middle@1.7.1:
    dependencies:
      acorn: 8.14.0
      acorn-import-assertions: 1.9.0(acorn@8.14.0)
      cjs-module-lexer: 1.4.1
      module-details-from-path: 1.0.3

  is-core-module@2.15.1:
    dependencies:
      hasown: 2.0.2

  long@5.2.3: {}

  mime-db@1.52.0: {}

  mime-types@2.1.35:
    dependencies:
      mime-db: 1.52.0

  module-details-from-path@1.0.3: {}

  ms@2.1.3: {}

  node-domexception@1.0.0: {}

  node-fetch@2.7.0:
    dependencies:
      whatwg-url: 5.0.0

  openai@4.76.1:
    dependencies:
      '@types/node': 18.19.68
      '@types/node-fetch': 2.6.12
      abort-controller: 3.0.0
      agentkeepalive: 4.5.0
      form-data-encoder: 1.7.2
      formdata-node: 4.4.1
      node-fetch: 2.7.0
    transitivePeerDependencies:
      - encoding

  path-parse@1.0.7: {}

  protobufjs@7.4.0:
    dependencies:
      '@protobufjs/aspromise': 1.1.2
      '@protobufjs/base64': 1.1.2
      '@protobufjs/codegen': 2.0.4
      '@protobufjs/eventemitter': 1.1.0
      '@protobufjs/fetch': 1.1.0
      '@protobufjs/float': 1.0.2
      '@protobufjs/inquire': 1.1.0
      '@protobufjs/path': 1.1.2
      '@protobufjs/pool': 1.1.0
      '@protobufjs/utf8': 1.1.0
      '@types/node': 22.10.2
      long: 5.2.3

  require-in-the-middle@7.4.0:
    dependencies:
      debug: 4.4.0
      module-details-from-path: 1.0.3
      resolve: 1.22.8
    transitivePeerDependencies:
      - supports-color

  resolve@1.22.8:
    dependencies:
      is-core-module: 2.15.1
      path-parse: 1.0.7
      supports-preserve-symlinks-flag: 1.0.0

  semver@7.6.3: {}

  shimmer@1.2.1: {}

  supports-preserve-symlinks-flag@1.0.0: {}

  tr46@0.0.3: {}

  undici-types@5.26.5: {}

  undici-types@6.20.0: {}

  web-streams-polyfill@4.0.0-beta.3: {}

  webidl-conversions@3.0.1: {}

  whatwg-url@5.0.0:
    dependencies:
      tr46: 0.0.3
      webidl-conversions: 3.0.1
